
Microsoft Visual Studio Solution File, Format Version 12.00
# Visual Studio 15
VisualStudioVersion = 15.0.28307.329
MinimumVisualStudioVersion = 10.0.40219.1
Project("{FAE04EC0-301F-11D3-BF4B-00C04F79EFBC}") = "SelfAssessLab", "SelfAssessLab\SelfAssessLab.csproj", "{463E078C-2676-480C-A67E-DBD7D00D63C9}"
EndProject
Global
	GlobalSection(SolutionConfigurationPlatforms) = preSolution
		Debug|Any CPU = Debug|Any CPU
		Release|Any CPU = Release|Any CPU
	EndGlobalSection
	GlobalSection(ProjectConfigurationPlatforms) = postSolution
		{463E078C-2676-480C-A67E-DBD7D00D63C9}.Debug|Any CPU.ActiveCfg = Debug|Any CPU
		{463E078C-2676-480C-A67E-DBD7D00D63C9}.Debug|Any CPU.Build.0 = Debug|Any CPU
		{463E078C-2676-480C-A67E-DBD7D00D63C9}.Release|Any CPU.ActiveCfg = Release|Any CPU
		{463E078C-2676-480C-A67E-DBD7D00D63C9}.Release|Any CPU.Build.0 = Release|Any CPU
	EndGlobalSection
	GlobalSection(SolutionProperties) = preSolution
		HideSolutionNode = FALSE
	EndGlobalSection
	GlobalSection(ExtensibilityGlobals) = postSolution
		SolutionGuid = {CDEEC90E-5CB7-48D7-8FF0-8D48AEA567CA}
	EndGlobalSection
EndGlobal
